
Microsoft Visual Studio Solution File, Format Version 12.00
# Visual Studio Version 16
VisualStudioVersion = 16.0.29519.87
MinimumVisualStudioVersion = 10.0.40219.1
Project("{FAE04EC0-301F-11D3-BF4B-00C04F79EFBC}") = "Practica_1", "Practica_1\Practica_1.csproj", "{1DD5031E-9A5F-46B3-827C-0C4840CE2F3C}"
EndProject
Global
	GlobalSection(SolutionConfigurationPlatforms) = preSolution
		Debug|Any CPU = Debug|Any CPU
		Release|Any CPU = Release|Any CPU
	EndGlobalSection
	GlobalSection(ProjectConfigurationPlatforms) = postSolution
		{1DD5031E-9A5F-46B3-827C-0C4840CE2F3C}.Debug|Any CPU.ActiveCfg = Debug|Any CPU
		{1DD5031E-9A5F-46B3-827C-0C4840CE2F3C}.Debug|Any CPU.Build.0 = Debug|Any CPU
		{1DD5031E-9A5F-46B3-827C-0C4840CE2F3C}.Release|Any CPU.ActiveCfg = Release|Any CPU
		{1DD5031E-9A5F-46B3-827C-0C4840CE2F3C}.Release|Any CPU.Build.0 = Release|Any CPU
	EndGlobalSection
	GlobalSection(SolutionProperties) = preSolution
		HideSolutionNode = FALSE
	EndGlobalSection
	GlobalSection(ExtensibilityGlobals) = postSolution
		SolutionGuid = {FC99E75C-702D-4E03-9E45-B6E97D5414B1}
	EndGlobalSection
EndGlobal
